
Microsoft Visual Studio Solution File, Format Version 12.00
# Visual Studio Version 18
VisualStudioVersion = 18.3.11312.210
MinimumVisualStudioVersion = 10.0.40219.1
Project("{FAE04EC0-301F-11D3-BF4B-00C04F79EFBC}") = "MM.PipeBlocks", "MM.PipeBlocks.csproj", "{9AF183AC-3F03-45EB-9EF6-8C7B7CF5492F}"
EndProject
Project("{FAE04EC0-301F-11D3-BF4B-00C04F79EFBC}") = "MM.PipeBlocks.Abstractions", "..\MM.PipeBlocks.Abstractions\MM.PipeBlocks.Abstractions.csproj", "{27A39AA0-A9F1-4C42-9480-0C6460B3C6C6}"
EndProject
Project("{FAE04EC0-301F-11D3-BF4B-00C04F79EFBC}") = "MM.PipeBlocks.Tester", "..\MM.PipeBlocks.Tester\MM.PipeBlocks.Tester.csproj", "{49406E68-D37C-4585-B963-3246395A8928}"
EndProject
Project("{FAE04EC0-301F-11D3-BF4B-00C04F79EFBC}") = "MM.PipeBlocks.Extensions", "..\MM.PipeBlocks.Extensions\MM.PipeBlocks.Extensions.csproj", "{848810C8-6FD7-46E5-BADE-C487886FFF5A}"
EndProject
Project("{2150E333-8FDC-42A3-9474-1A3956D46DE8}") = "Examples", "Examples", "{02EA681E-C7D8-13C7-8484-4AC65E1B71E8}"
EndProject
Project("{FAE04EC0-301F-11D3-BF4B-00C04F79EFBC}") = "FailureState", "..\Examples\FailureState\FailureState.csproj", "{6457C55D-727E-48D3-873C-44E5B094CB63}"
EndProject
Project("{FAE04EC0-301F-11D3-BF4B-00C04F79EFBC}") = "Loop", "..\Examples\Loop\Loop.csproj", "{C032EF47-0282-4990-BD2A-259880DE522E}"
EndProject
Project("{FAE04EC0-301F-11D3-BF4B-00C04F79EFBC}") = "Parallel", "..\Examples\Parallel\Parallel.csproj", "{5E1E20E1-0861-4019-A6BF-31F4A2F50F7A}"
EndProject
Project("{FAE04EC0-301F-11D3-BF4B-00C04F79EFBC}") = "StartFrom", "..\Examples\StartFrom\StartFrom.csproj", "{709697B0-EAE8-4497-A5FF-130C5049CFEF}"
EndProject
Project("{FAE04EC0-301F-11D3-BF4B-00C04F79EFBC}") = "Branch", "..\Examples\Branch\Branch.csproj", "{10F8DD5A-35C6-402F-923F-490AF46EE718}"
EndProject
Project("{FAE04EC0-301F-11D3-BF4B-00C04F79EFBC}") = "TryCatch", "..\Examples\TryCatch\TryCatch.csproj", "{2AEEA0D7-7E26-08AA-CDF9-0E131DDB0BF4}"
EndProject
Project("{FAE04EC0-301F-11D3-BF4B-00C04F79EFBC}") = "Functions", "..\Examples\Functions\Functions.csproj", "{D34E7717-0ACF-40E9-861E-6CD37E7BDF21}"
EndProject
Project("{FAE04EC0-301F-11D3-BF4B-00C04F79EFBC}") = "MM.PipeBlocks.Test", "..\MM.PipeBlocks.Test\MM.PipeBlocks.Test.csproj", "{CBA5089F-0AF4-45BD-8097-9A2FF400D669}"
EndProject
Project("{FAE04EC0-301F-11D3-BF4B-00C04F79EFBC}") = "Reusable", "..\Examples\Reusable\Reusable.csproj", "{7E82EB4A-86C2-B697-E796-0D7BF5A9695F}"
EndProject
Project("{FAE04EC0-301F-11D3-BF4B-00C04F79EFBC}") = "MM.PipeBlocks.Extensions.DependencyInjection", "..\MM.PipeBlocks.Extensions.DependencyInjection\MM.PipeBlocks.Extensions.DependencyInjection.csproj", "{F841766D-69A5-4ABC-8CE0-814ADCB700D7}"
EndProject
Project("{FAE04EC0-301F-11D3-BF4B-00C04F79EFBC}") = "Map", "..\Examples\Map\Map.csproj", "{A10C2815-6696-EB5E-EC90-D1D8C821C607}"
EndProject
Global
	GlobalSection(SolutionConfigurationPlatforms) = preSolution
		Debug|Any CPU = Debug|Any CPU
		Release|Any CPU = Release|Any CPU
	EndGlobalSection
	GlobalSection(ProjectConfigurationPlatforms) = postSolution
		{9AF183AC-3F03-45EB-9EF6-8C7B7CF5492F}.Debug|Any CPU.ActiveCfg = Debug|Any CPU
		{9AF183AC-3F03-45EB-9EF6-8C7B7CF5492F}.Debug|Any CPU.Build.0 = Debug|Any CPU
		{9AF183AC-3F03-45EB-9EF6-8C7B7CF5492F}.Release|Any CPU.ActiveCfg = Release|Any CPU
		{9AF183AC-3F03-45EB-9EF6-8C7B7CF5492F}.Release|Any CPU.Build.0 = Release|Any CPU
		{27A39AA0-A9F1-4C42-9480-0C6460B3C6C6}.Debug|Any CPU.ActiveCfg = Debug|Any CPU
		{27A39AA0-A9F1-4C42-9480-0C6460B3C6C6}.Debug|Any CPU.Build.0 = Debug|Any CPU
		{27A39AA0-A9F1-4C42-9480-0C6460B3C6C6}.Release|Any CPU.ActiveCfg = Release|Any CPU
		{27A39AA0-A9F1-4C42-9480-0C6460B3C6C6}.Release|Any CPU.Build.0 = Release|Any CPU
		{49406E68-D37C-4585-B963-3246395A8928}.Debug|Any CPU.ActiveCfg = Debug|Any CPU
		{49406E68-D37C-4585-B963-3246395A8928}.Debug|Any CPU.Build.0 = Debug|Any CPU
		{49406E68-D37C-4585-B963-3246395A8928}.Release|Any CPU.ActiveCfg = Release|Any CPU
		{49406E68-D37C-4585-B963-3246395A8928}.Release|Any CPU.Build.0 = Release|Any CPU
		{848810C8-6FD7-46E5-BADE-C487886FFF5A}.Debug|Any CPU.ActiveCfg = Debug|Any CPU
		{848810C8-6FD7-46E5-BADE-C487886FFF5A}.Debug|Any CPU.Build.0 = Debug|Any CPU
		{848810C8-6FD7-46E5-BADE-C487886FFF5A}.Release|Any CPU.ActiveCfg = Release|Any CPU
		{848810C8-6FD7-46E5-BADE-C487886FFF5A}.Release|Any CPU.Build.0 = Release|Any CPU
		{6457C55D-727E-48D3-873C-44E5B094CB63}.Debug|Any CPU.ActiveCfg = Debug|Any CPU
		{6457C55D-727E-48D3-873C-44E5B094CB63}.Debug|Any CPU.Build.0 = Debug|Any CPU
		{6457C55D-727E-48D3-873C-44E5B094CB63}.Release|Any CPU.ActiveCfg = Release|Any CPU
		{6457C55D-727E-48D3-873C-44E5B094CB63}.Release|Any CPU.Build.0 = Release|Any CPU
		{C032EF47-0282-4990-BD2A-259880DE522E}.Debug|Any CPU.ActiveCfg = Debug|Any CPU
		{C032EF47-0282-4990-BD2A-259880DE522E}.Debug|Any CPU.Build.0 = Debug|Any CPU
		{C032EF47-0282-4990-BD2A-259880DE522E}.Release|Any CPU.ActiveCfg = Release|Any CPU
		{C032EF47-0282-4990-BD2A-259880DE522E}.Release|Any CPU.Build.0 = Release|Any CPU
		{5E1E20E1-0861-4019-A6BF-31F4A2F50F7A}.Debug|Any CPU.ActiveCfg = Debug|Any CPU
		{5E1E20E1-0861-4019-A6BF-31F4A2F50F7A}.Debug|Any CPU.Build.0 = Debug|Any CPU
		{5E1E20E1-0861-4019-A6BF-31F4A2F50F7A}.Release|Any CPU.ActiveCfg = Release|Any CPU
		{5E1E20E1-0861-4019-A6BF-31F4A2F50F7A}.Release|Any CPU.Build.0 = Release|Any CPU
		{709697B0-EAE8-4497-A5FF-130C5049CFEF}.Debug|Any CPU.ActiveCfg = Debug|Any CPU
		{709697B0-EAE8-4497-A5FF-130C5049CFEF}.Debug|Any CPU.Build.0 = Debug|Any CPU
		{709697B0-EAE8-4497-A5FF-130C5049CFEF}.Release|Any CPU.ActiveCfg = Release|Any CPU
		{709697B0-EAE8-4497-A5FF-130C5049CFEF}.Release|Any CPU.Build.0 = Release|Any CPU
		{10F8DD5A-35C6-402F-923F-490AF46EE718}.Debug|Any CPU.ActiveCfg = Debug|Any CPU
		{10F8DD5A-35C6-402F-923F-490AF46EE718}.Debug|Any CPU.Build.0 = Debug|Any CPU
		{10F8DD5A-35C6-402F-923F-490AF46EE718}.Release|Any CPU.ActiveCfg = Release|Any CPU
		{10F8DD5A-35C6-402F-923F-490AF46EE718}.Release|Any CPU.Build.0 = Release|Any CPU
		{2AEEA0D7-7E26-08AA-CDF9-0E131DDB0BF4}.Debug|Any CPU.ActiveCfg = Debug|Any CPU
		{2AEEA0D7-7E26-08AA-CDF9-0E131DDB0BF4}.Debug|Any CPU.Build.0 = Debug|Any CPU
		{2AEEA0D7-7E26-08AA-CDF9-0E131DDB0BF4}.Release|Any CPU.ActiveCfg = Release|Any CPU
		{2AEEA0D7-7E26-08AA-CDF9-0E131DDB0BF4}.Release|Any CPU.Build.0 = Release|Any CPU
		{D34E7717-0ACF-40E9-861E-6CD37E7BDF21}.Debug|Any CPU.ActiveCfg = Debug|Any CPU
		{D34E7717-0ACF-40E9-861E-6CD37E7BDF21}.Debug|Any CPU.Build.0 = Debug|Any CPU
		{D34E7717-0ACF-40E9-861E-6CD37E7BDF21}.Release|Any CPU.ActiveCfg = Release|Any CPU
		{D34E7717-0ACF-40E9-861E-6CD37E7BDF21}.Release|Any CPU.Build.0 = Release|Any CPU
		{CBA5089F-0AF4-45BD-8097-9A2FF400D669}.Debug|Any CPU.ActiveCfg = Debug|Any CPU
		{CBA5089F-0AF4-45BD-8097-9A2FF400D669}.Debug|Any CPU.Build.0 = Debug|Any CPU
		{CBA5089F-0AF4-45BD-8097-9A2FF400D669}.Release|Any CPU.ActiveCfg = Release|Any CPU
		{CBA5089F-0AF4-45BD-8097-9A2FF400D669}.Release|Any CPU.Build.0 = Release|Any CPU
		{7E82EB4A-86C2-B697-E796-0D7BF5A9695F}.Debug|Any CPU.ActiveCfg = Debug|Any CPU
		{7E82EB4A-86C2-B697-E796-0D7BF5A9695F}.Debug|Any CPU.Build.0 = Debug|Any CPU
		{7E82EB4A-86C2-B697-E796-0D7BF5A9695F}.Release|Any CPU.ActiveCfg = Release|Any CPU
		{7E82EB4A-86C2-B697-E796-0D7BF5A9695F}.Release|Any CPU.Build.0 = Release|Any CPU
		{F841766D-69A5-4ABC-8CE0-814ADCB700D7}.Debug|Any CPU.ActiveCfg = Debug|Any CPU
		{F841766D-69A5-4ABC-8CE0-814ADCB700D7}.Debug|Any CPU.Build.0 = Debug|Any CPU
		{F841766D-69A5-4ABC-8CE0-814ADCB700D7}.Release|Any CPU.ActiveCfg = Release|Any CPU
		{F841766D-69A5-4ABC-8CE0-814ADCB700D7}.Release|Any CPU.Build.0 = Release|Any CPU
		{A10C2815-6696-EB5E-EC90-D1D8C821C607}.Debug|Any CPU.ActiveCfg = Debug|Any CPU
		{A10C2815-6696-EB5E-EC90-D1D8C821C607}.Debug|Any CPU.Build.0 = Debug|Any CPU
		{A10C2815-6696-EB5E-EC90-D1D8C821C607}.Release|Any CPU.ActiveCfg = Release|Any CPU
		{A10C2815-6696-EB5E-EC90-D1D8C821C607}.Release|Any CPU.Build.0 = Release|Any CPU
	EndGlobalSection
	GlobalSection(SolutionProperties) = preSolution
		HideSolutionNode = FALSE
	EndGlobalSection
	GlobalSection(NestedProjects) = preSolution
		{6457C55D-727E-48D3-873C-44E5B094CB63} = {02EA681E-C7D8-13C7-8484-4AC65E1B71E8}
		{C032EF47-0282-4990-BD2A-259880DE522E} = {02EA681E-C7D8-13C7-8484-4AC65E1B71E8}
		{5E1E20E1-0861-4019-A6BF-31F4A2F50F7A} = {02EA681E-C7D8-13C7-8484-4AC65E1B71E8}
		{709697B0-EAE8-4497-A5FF-130C5049CFEF} = {02EA681E-C7D8-13C7-8484-4AC65E1B71E8}
		{10F8DD5A-35C6-402F-923F-490AF46EE718} = {02EA681E-C7D8-13C7-8484-4AC65E1B71E8}
		{2AEEA0D7-7E26-08AA-CDF9-0E131DDB0BF4} = {02EA681E-C7D8-13C7-8484-4AC65E1B71E8}
		{D34E7717-0ACF-40E9-861E-6CD37E7BDF21} = {02EA681E-C7D8-13C7-8484-4AC65E1B71E8}
		{7E82EB4A-86C2-B697-E796-0D7BF5A9695F} = {02EA681E-C7D8-13C7-8484-4AC65E1B71E8}
		{A10C2815-6696-EB5E-EC90-D1D8C821C607} = {02EA681E-C7D8-13C7-8484-4AC65E1B71E8}
	EndGlobalSection
	GlobalSection(ExtensibilityGlobals) = postSolution
		SolutionGuid = {2E4A3603-229C-4BED-B098-E8CC9ED22E19}
	EndGlobalSection
EndGlobal
